<?xml version="1.0" encoding="utf-8"?>
<Project ToolsVersion="4.0" xmlns="http://schemas.microsoft.com/developer/msbuild/2003">
  <ItemGroup>
    <Filter Include="ソース ファイル">
      <UniqueIdentifier>{4FC737F1-C7A5-4376-A066-2A32D752A2FF}</UniqueIdentifier>
      <Extensions>cpp;c;cc;cxx;def;odl;idl;hpj;bat;asm;asmx</Extensions>
    </Filter>
    <Filter Include="ヘッダー ファイル">
      <UniqueIdentifier>{93995380-89BD-4b04-88EB-625FBE52EBFB}</UniqueIdentifier>
      <Extensions>h;hh;hpp;hxx;hm;inl;inc;xsd</Extensions>
    </Filter>
    <Filter Include="リソース ファイル">
      <UniqueIdentifier>{67DA6AB6-F800-4c08-8B7A-83BB121AAD01}</UniqueIdentifier>
      <Extensions>rc;ico;cur;bmp;dlg;rc2;rct;bin;rgs;gif;jpg;jpeg;jpe;resx;tiff;tif;png;wav;mfcribbon-ms</Extensions>
    </Filter>
    <Filter Include="ソース ファイル\screen関連">
      <UniqueIdentifier>{2ea834b8-df6a-4e2d-afac-551652ab4a6c}</UniqueIdentifier>
    </Filter>
    <Filter Include="ソース ファイル\game_main関連">
      <UniqueIdentifier>{98566a7b-9d20-48f0-86c6-8d83213d030d}</UniqueIdentifier>
    </Filter>
    <Filter Include="ヘッダー ファイル\game_main関連">
      <UniqueIdentifier>{e3dd867e-0106-47dc-963f-a4d862ae181f}</UniqueIdentifier>
    </Filter>
    <Filter Include="ヘッダー ファイル\screen関連">
      <UniqueIdentifier>{48905dad-d19b-49f3-8d90-41410c6ec6e4}</UniqueIdentifier>
    </Filter>
  </ItemGroup>
  <ItemGroup>
    <ClCompile Include="game.cpp">
      <Filter>ソース ファイル</Filter>
    </ClCompile>
    <ClCompile Include="win_main.cpp">
      <Filter>ソース ファイル</Filter>
    </ClCompile>
    <ClCompile Include="myLib.cpp">
      <Filter>ソース ファイル</Filter>
    </ClCompile>
    <ClCompile Include="task.cpp">
      <Filter>ソース ファイル</Filter>
    </ClCompile>
    <ClCompile Include="task_manager.cpp">
      <Filter>ソース ファイル</Filter>
    </ClCompile>
    <ClCompile Include="game_screen.cpp">
      <Filter>ソース ファイル\screen関連</Filter>
    </ClCompile>
    <ClCompile Include="gametitle_screen.cpp">
      <Filter>ソース ファイル\screen関連</Filter>
    </ClCompile>
    <ClCompile Include="field.cpp">
      <Filter>ソース ファイル\game_main関連</Filter>
    </ClCompile>
    <ClCompile Include="field_manager.cpp">
      <Filter>ソース ファイル\game_main関連</Filter>
    </ClCompile>
    <ClCompile Include="base_data.cpp">
      <Filter>ソース ファイル\game_main関連</Filter>
    </ClCompile>
    <ClCompile Include="player_manager.cpp">
      <Filter>ソース ファイル\game_main関連</Filter>
    </ClCompile>
    <ClCompile Include="player.cpp">
      <Filter>ソース ファイル\game_main関連</Filter>
    </ClCompile>
    <ClCompile Include="enemy.cpp">
      <Filter>ソース ファイル\game_main関連</Filter>
    </ClCompile>
    <ClCompile Include="enemy_manager.cpp">
      <Filter>ソース ファイル\game_main関連</Filter>
    </ClCompile>
    <ClCompile Include="effect.cpp">
      <Filter>ソース ファイル\game_main関連</Filter>
    </ClCompile>
    <ClCompile Include="effect_manager.cpp">
      <Filter>ソース ファイル\game_main関連</Filter>
    </ClCompile>
    <ClCompile Include="player_attack.cpp">
      <Filter>ソース ファイル\game_main関連</Filter>
    </ClCompile>
    <ClCompile Include="enemy_move.cpp">
      <Filter>ソース ファイル\game_main関連</Filter>
    </ClCompile>
    <ClCompile Include="ui.cpp">
      <Filter>ソース ファイル\game_main関連</Filter>
    </ClCompile>
    <ClCompile Include="ui_manager.cpp">
      <Filter>ソース ファイル\game_main関連</Filter>
    </ClCompile>
    <ClCompile Include="boss_manager.cpp">
      <Filter>ソース ファイル\game_main関連</Filter>
    </ClCompile>
    <ClCompile Include="boss.cpp">
      <Filter>ソース ファイル\game_main関連</Filter>
    </ClCompile>
    <ClCompile Include="item.cpp">
      <Filter>ソース ファイル\game_main関連</Filter>
    </ClCompile>
    <ClCompile Include="item_manager.cpp">
      <Filter>ソース ファイル\game_main関連</Filter>
    </ClCompile>
    <ClCompile Include="effect_move.cpp">
      <Filter>ソース ファイル\game_main関連</Filter>
    </ClCompile>
    <ClCompile Include="change.cpp">
      <Filter>ソース ファイル</Filter>
    </ClCompile>
    <ClCompile Include="change_manager.cpp">
      <Filter>ソース ファイル</Filter>
    </ClCompile>
  </ItemGroup>
  <ItemGroup>
    <ClInclude Include="game.h">
      <Filter>ヘッダー ファイル</Filter>
    </ClInclude>
    <ClInclude Include="game_data.h">
      <Filter>ヘッダー ファイル</Filter>
    </ClInclude>
    <ClInclude Include="myLib.h">
      <Filter>ヘッダー ファイル</Filter>
    </ClInclude>
    <ClInclude Include="task.h">
      <Filter>ヘッダー ファイル</Filter>
    </ClInclude>
    <ClInclude Include="task_manager.h">
      <Filter>ヘッダー ファイル</Filter>
    </ClInclude>
    <ClInclude Include="field.h">
      <Filter>ヘッダー ファイル\game_main関連</Filter>
    </ClInclude>
    <ClInclude Include="field_manager.h">
      <Filter>ヘッダー ファイル\game_main関連</Filter>
    </ClInclude>
    <ClInclude Include="game_screen.h">
      <Filter>ヘッダー ファイル\screen関連</Filter>
    </ClInclude>
    <ClInclude Include="gametitle_screen.h">
      <Filter>ヘッダー ファイル\screen関連</Filter>
    </ClInclude>
    <ClInclude Include="screen.h">
      <Filter>ヘッダー ファイル\screen関連</Filter>
    </ClInclude>
    <ClInclude Include="player.h">
      <Filter>ヘッダー ファイル\game_main関連</Filter>
    </ClInclude>
    <ClInclude Include="base_data.h">
      <Filter>ヘッダー ファイル\game_main関連</Filter>
    </ClInclude>
    <ClInclude Include="player_manager.h">
      <Filter>ヘッダー ファイル\game_main関連</Filter>
    </ClInclude>
    <ClInclude Include="enemy.h">
      <Filter>ヘッダー ファイル\game_main関連</Filter>
    </ClInclude>
    <ClInclude Include="enemy_manager.h">
      <Filter>ヘッダー ファイル\game_main関連</Filter>
    </ClInclude>
    <ClInclude Include="effect.h">
      <Filter>ヘッダー ファイル\game_main関連</Filter>
    </ClInclude>
    <ClInclude Include="effect_manager.h">
      <Filter>ヘッダー ファイル\game_main関連</Filter>
    </ClInclude>
    <ClInclude Include="ui.h">
      <Filter>ヘッダー ファイル\game_main関連</Filter>
    </ClInclude>
    <ClInclude Include="ui_manager.h">
      <Filter>ヘッダー ファイル\game_main関連</Filter>
    </ClInclude>
    <ClInclude Include="boss_manager.h">
      <Filter>ヘッダー ファイル\game_main関連</Filter>
    </ClInclude>
    <ClInclude Include="boss.h">
      <Filter>ヘッダー ファイル\game_main関連</Filter>
    </ClInclude>
    <ClInclude Include="item.h">
      <Filter>ヘッダー ファイル\game_main関連</Filter>
    </ClInclude>
    <ClInclude Include="item_manager.h">
      <Filter>ヘッダー ファイル\game_main関連</Filter>
    </ClInclude>
    <ClInclude Include="change.h">
      <Filter>ヘッダー ファイル</Filter>
    </ClInclude>
    <ClInclude Include="change_manager.h">
      <Filter>ヘッダー ファイル</Filter>
    </ClInclude>
  </ItemGroup>
</Project>